
Microsoft Visual Studio Solution File, Format Version 12.00
# Visual Studio Version 16
VisualStudioVersion = 16.0.29324.140
MinimumVisualStudioVersion = 10.0.40219.1
Project("{8BC9CEB8-8B4A-11D0-8D11-00A0C91BC942}") = "asm80", "asm80\asm80.vcxproj", "{FB7865FA-BAB6-45FC-8B79-A81B414C123A}"
EndProject
Project("{8BC9CEB8-8B4A-11D0-8D11-00A0C91BC942}") = "lib", "lib\lib.vcxproj", "{7FAC39D9-F286-4DE6-95BB-79FF4039DEA4}"
EndProject
Project("{8BC9CEB8-8B4A-11D0-8D11-00A0C91BC942}") = "link", "link\link.vcxproj", "{F57CB46A-1E54-4943-8092-46386628806C}"
EndProject
Project("{8BC9CEB8-8B4A-11D0-8D11-00A0C91BC942}") = "plm80", "plm80\plm80.vcxproj", "{42BEB659-1627-47D0-AB0A-06B5E36D9658}"
EndProject
Project("{8BC9CEB8-8B4A-11D0-8D11-00A0C91BC942}") = "locate", "locate\locate.vcxproj", "{9629449F-ABAF-4192-866E-5A2BBB4921B2}"
EndProject
Project("{8BC9CEB8-8B4A-11D0-8D11-00A0C91BC942}") = "plm80c", "plm80c\plm80c.vcxproj", "{A4D6DA5F-876C-46B4-BFD2-08D7CFD21481}"
EndProject
Project("{8BC9CEB8-8B4A-11D0-8D11-00A0C91BC942}") = "binobj", "binobj\binobj.vcxproj", "{FAC6AB79-51B5-4934-98D3-6EDFD29520E2}"
EndProject
Project("{8BC9CEB8-8B4A-11D0-8D11-00A0C91BC942}") = "objhex", "objhex\objhex.vcxproj", "{57F02AC2-9FB1-4B50-B19F-B2868090BCE7}"
EndProject
Project("{8BC9CEB8-8B4A-11D0-8D11-00A0C91BC942}") = "hexobj", "hexobj\hexobj.vcxproj", "{75044C4C-1997-4FBD-A9DE-57D32066E03E}"
EndProject
Project("{8BC9CEB8-8B4A-11D0-8D11-00A0C91BC942}") = "plm81", "plm81\plm81.vcxproj", "{AC582CDF-D68E-44D4-8CD1-AEF072E355D9}"
EndProject
Project("{8BC9CEB8-8B4A-11D0-8D11-00A0C91BC942}") = "plm82", "plm82\plm82.vcxproj", "{C17DFC41-F250-4905-85F4-72A2C3F34938}"
EndProject
Project("{8BC9CEB8-8B4A-11D0-8D11-00A0C91BC942}") = "ml80", "ml80\ml80.vcxproj", "{3D33D82E-BB56-402E-A300-FAD5D031E692}"
EndProject
Project("{8BC9CEB8-8B4A-11D0-8D11-00A0C91BC942}") = "l81", "l81\l81.vcxproj", "{04C93C95-F060-4725-98D9-C7C839BB3217}"
EndProject
Project("{8BC9CEB8-8B4A-11D0-8D11-00A0C91BC942}") = "l82", "l82\l82.vcxproj", "{48A5D2C6-E53F-4E7A-A393-E549DD61893F}"
EndProject
Project("{8BC9CEB8-8B4A-11D0-8D11-00A0C91BC942}") = "l83", "l83\l83.vcxproj", "{E635B9B4-59AA-4EBA-841D-896A8131D3DD}"
EndProject
Global
	GlobalSection(SolutionConfigurationPlatforms) = preSolution
		Debug|x64 = Debug|x64
		Debug|x86 = Debug|x86
		Release|x64 = Release|x64
		Release|x86 = Release|x86
	EndGlobalSection
	GlobalSection(ProjectConfigurationPlatforms) = postSolution
		{FB7865FA-BAB6-45FC-8B79-A81B414C123A}.Debug|x64.ActiveCfg = Debug|x64
		{FB7865FA-BAB6-45FC-8B79-A81B414C123A}.Debug|x64.Build.0 = Debug|x64
		{FB7865FA-BAB6-45FC-8B79-A81B414C123A}.Debug|x86.ActiveCfg = Debug|Win32
		{FB7865FA-BAB6-45FC-8B79-A81B414C123A}.Debug|x86.Build.0 = Debug|Win32
		{FB7865FA-BAB6-45FC-8B79-A81B414C123A}.Release|x64.ActiveCfg = Release|x64
		{FB7865FA-BAB6-45FC-8B79-A81B414C123A}.Release|x64.Build.0 = Release|x64
		{FB7865FA-BAB6-45FC-8B79-A81B414C123A}.Release|x86.ActiveCfg = Release|Win32
		{FB7865FA-BAB6-45FC-8B79-A81B414C123A}.Release|x86.Build.0 = Release|Win32
		{7FAC39D9-F286-4DE6-95BB-79FF4039DEA4}.Debug|x64.ActiveCfg = Debug|x64
		{7FAC39D9-F286-4DE6-95BB-79FF4039DEA4}.Debug|x64.Build.0 = Debug|x64
		{7FAC39D9-F286-4DE6-95BB-79FF4039DEA4}.Debug|x86.ActiveCfg = Debug|Win32
		{7FAC39D9-F286-4DE6-95BB-79FF4039DEA4}.Debug|x86.Build.0 = Debug|Win32
		{7FAC39D9-F286-4DE6-95BB-79FF4039DEA4}.Release|x64.ActiveCfg = Release|x64
		{7FAC39D9-F286-4DE6-95BB-79FF4039DEA4}.Release|x64.Build.0 = Release|x64
		{7FAC39D9-F286-4DE6-95BB-79FF4039DEA4}.Release|x86.ActiveCfg = Release|Win32
		{7FAC39D9-F286-4DE6-95BB-79FF4039DEA4}.Release|x86.Build.0 = Release|Win32
		{F57CB46A-1E54-4943-8092-46386628806C}.Debug|x64.ActiveCfg = Debug|x64
		{F57CB46A-1E54-4943-8092-46386628806C}.Debug|x64.Build.0 = Debug|x64
		{F57CB46A-1E54-4943-8092-46386628806C}.Debug|x86.ActiveCfg = Debug|Win32
		{F57CB46A-1E54-4943-8092-46386628806C}.Debug|x86.Build.0 = Debug|Win32
		{F57CB46A-1E54-4943-8092-46386628806C}.Release|x64.ActiveCfg = Release|x64
		{F57CB46A-1E54-4943-8092-46386628806C}.Release|x64.Build.0 = Release|x64
		{F57CB46A-1E54-4943-8092-46386628806C}.Release|x86.ActiveCfg = Release|Win32
		{F57CB46A-1E54-4943-8092-46386628806C}.Release|x86.Build.0 = Release|Win32
		{42BEB659-1627-47D0-AB0A-06B5E36D9658}.Debug|x64.ActiveCfg = Debug|x64
		{42BEB659-1627-47D0-AB0A-06B5E36D9658}.Debug|x64.Build.0 = Debug|x64
		{42BEB659-1627-47D0-AB0A-06B5E36D9658}.Debug|x86.ActiveCfg = Debug|Win32
		{42BEB659-1627-47D0-AB0A-06B5E36D9658}.Debug|x86.Build.0 = Debug|Win32
		{42BEB659-1627-47D0-AB0A-06B5E36D9658}.Debug|x86.Deploy.0 = Debug|Win32
		{42BEB659-1627-47D0-AB0A-06B5E36D9658}.Release|x64.ActiveCfg = Release|x64
		{42BEB659-1627-47D0-AB0A-06B5E36D9658}.Release|x64.Build.0 = Release|x64
		{42BEB659-1627-47D0-AB0A-06B5E36D9658}.Release|x86.ActiveCfg = Release|Win32
		{42BEB659-1627-47D0-AB0A-06B5E36D9658}.Release|x86.Build.0 = Release|Win32
		{9629449F-ABAF-4192-866E-5A2BBB4921B2}.Debug|x64.ActiveCfg = Debug|x64
		{9629449F-ABAF-4192-866E-5A2BBB4921B2}.Debug|x64.Build.0 = Debug|x64
		{9629449F-ABAF-4192-866E-5A2BBB4921B2}.Debug|x86.ActiveCfg = Debug|Win32
		{9629449F-ABAF-4192-866E-5A2BBB4921B2}.Debug|x86.Build.0 = Debug|Win32
		{9629449F-ABAF-4192-866E-5A2BBB4921B2}.Release|x64.ActiveCfg = Release|x64
		{9629449F-ABAF-4192-866E-5A2BBB4921B2}.Release|x64.Build.0 = Release|x64
		{9629449F-ABAF-4192-866E-5A2BBB4921B2}.Release|x86.ActiveCfg = Release|Win32
		{9629449F-ABAF-4192-866E-5A2BBB4921B2}.Release|x86.Build.0 = Release|Win32
		{A4D6DA5F-876C-46B4-BFD2-08D7CFD21481}.Debug|x64.ActiveCfg = Debug|x64
		{A4D6DA5F-876C-46B4-BFD2-08D7CFD21481}.Debug|x64.Build.0 = Debug|x64
		{A4D6DA5F-876C-46B4-BFD2-08D7CFD21481}.Debug|x86.ActiveCfg = Debug|Win32
		{A4D6DA5F-876C-46B4-BFD2-08D7CFD21481}.Debug|x86.Build.0 = Debug|Win32
		{A4D6DA5F-876C-46B4-BFD2-08D7CFD21481}.Release|x64.ActiveCfg = Release|x64
		{A4D6DA5F-876C-46B4-BFD2-08D7CFD21481}.Release|x64.Build.0 = Release|x64
		{A4D6DA5F-876C-46B4-BFD2-08D7CFD21481}.Release|x86.ActiveCfg = Release|Win32
		{A4D6DA5F-876C-46B4-BFD2-08D7CFD21481}.Release|x86.Build.0 = Release|Win32
		{FAC6AB79-51B5-4934-98D3-6EDFD29520E2}.Debug|x64.ActiveCfg = Debug|x64
		{FAC6AB79-51B5-4934-98D3-6EDFD29520E2}.Debug|x64.Build.0 = Debug|x64
		{FAC6AB79-51B5-4934-98D3-6EDFD29520E2}.Debug|x86.ActiveCfg = Debug|Win32
		{FAC6AB79-51B5-4934-98D3-6EDFD29520E2}.Debug|x86.Build.0 = Debug|Win32
		{FAC6AB79-51B5-4934-98D3-6EDFD29520E2}.Release|x64.ActiveCfg = Release|x64
		{FAC6AB79-51B5-4934-98D3-6EDFD29520E2}.Release|x64.Build.0 = Release|x64
		{FAC6AB79-51B5-4934-98D3-6EDFD29520E2}.Release|x86.ActiveCfg = Release|Win32
		{FAC6AB79-51B5-4934-98D3-6EDFD29520E2}.Release|x86.Build.0 = Release|Win32
		{57F02AC2-9FB1-4B50-B19F-B2868090BCE7}.Debug|x64.ActiveCfg = Debug|x64
		{57F02AC2-9FB1-4B50-B19F-B2868090BCE7}.Debug|x64.Build.0 = Debug|x64
		{57F02AC2-9FB1-4B50-B19F-B2868090BCE7}.Debug|x86.ActiveCfg = Debug|Win32
		{57F02AC2-9FB1-4B50-B19F-B2868090BCE7}.Debug|x86.Build.0 = Debug|Win32
		{57F02AC2-9FB1-4B50-B19F-B2868090BCE7}.Release|x64.ActiveCfg = Release|x64
		{57F02AC2-9FB1-4B50-B19F-B2868090BCE7}.Release|x64.Build.0 = Release|x64
		{57F02AC2-9FB1-4B50-B19F-B2868090BCE7}.Release|x86.ActiveCfg = Release|Win32
		{57F02AC2-9FB1-4B50-B19F-B2868090BCE7}.Release|x86.Build.0 = Release|Win32
		{75044C4C-1997-4FBD-A9DE-57D32066E03E}.Debug|x64.ActiveCfg = Debug|x64
		{75044C4C-1997-4FBD-A9DE-57D32066E03E}.Debug|x64.Build.0 = Debug|x64
		{75044C4C-1997-4FBD-A9DE-57D32066E03E}.Debug|x86.ActiveCfg = Debug|Win32
		{75044C4C-1997-4FBD-A9DE-57D32066E03E}.Debug|x86.Build.0 = Debug|Win32
		{75044C4C-1997-4FBD-A9DE-57D32066E03E}.Release|x64.ActiveCfg = Release|x64
		{75044C4C-1997-4FBD-A9DE-57D32066E03E}.Release|x64.Build.0 = Release|x64
		{75044C4C-1997-4FBD-A9DE-57D32066E03E}.Release|x86.ActiveCfg = Release|Win32
		{75044C4C-1997-4FBD-A9DE-57D32066E03E}.Release|x86.Build.0 = Release|Win32
		{AC582CDF-D68E-44D4-8CD1-AEF072E355D9}.Debug|x64.ActiveCfg = Debug|x64
		{AC582CDF-D68E-44D4-8CD1-AEF072E355D9}.Debug|x64.Build.0 = Debug|x64
		{AC582CDF-D68E-44D4-8CD1-AEF072E355D9}.Debug|x86.ActiveCfg = Debug|Win32
		{AC582CDF-D68E-44D4-8CD1-AEF072E355D9}.Debug|x86.Build.0 = Debug|Win32
		{AC582CDF-D68E-44D4-8CD1-AEF072E355D9}.Release|x64.ActiveCfg = Release|x64
		{AC582CDF-D68E-44D4-8CD1-AEF072E355D9}.Release|x64.Build.0 = Release|x64
		{AC582CDF-D68E-44D4-8CD1-AEF072E355D9}.Release|x86.ActiveCfg = Release|Win32
		{AC582CDF-D68E-44D4-8CD1-AEF072E355D9}.Release|x86.Build.0 = Release|Win32
		{C17DFC41-F250-4905-85F4-72A2C3F34938}.Debug|x64.ActiveCfg = Debug|x64
		{C17DFC41-F250-4905-85F4-72A2C3F34938}.Debug|x64.Build.0 = Debug|x64
		{C17DFC41-F250-4905-85F4-72A2C3F34938}.Debug|x86.ActiveCfg = Debug|Win32
		{C17DFC41-F250-4905-85F4-72A2C3F34938}.Debug|x86.Build.0 = Debug|Win32
		{C17DFC41-F250-4905-85F4-72A2C3F34938}.Release|x64.ActiveCfg = Release|x64
		{C17DFC41-F250-4905-85F4-72A2C3F34938}.Release|x64.Build.0 = Release|x64
		{C17DFC41-F250-4905-85F4-72A2C3F34938}.Release|x86.ActiveCfg = Release|Win32
		{C17DFC41-F250-4905-85F4-72A2C3F34938}.Release|x86.Build.0 = Release|Win32
		{3D33D82E-BB56-402E-A300-FAD5D031E692}.Debug|x64.ActiveCfg = Debug|x64
		{3D33D82E-BB56-402E-A300-FAD5D031E692}.Debug|x64.Build.0 = Debug|x64
		{3D33D82E-BB56-402E-A300-FAD5D031E692}.Debug|x86.ActiveCfg = Debug|Win32
		{3D33D82E-BB56-402E-A300-FAD5D031E692}.Debug|x86.Build.0 = Debug|Win32
		{3D33D82E-BB56-402E-A300-FAD5D031E692}.Release|x64.ActiveCfg = Release|x64
		{3D33D82E-BB56-402E-A300-FAD5D031E692}.Release|x64.Build.0 = Release|x64
		{3D33D82E-BB56-402E-A300-FAD5D031E692}.Release|x86.ActiveCfg = Release|Win32
		{3D33D82E-BB56-402E-A300-FAD5D031E692}.Release|x86.Build.0 = Release|Win32
		{04C93C95-F060-4725-98D9-C7C839BB3217}.Debug|x64.ActiveCfg = Debug|x64
		{04C93C95-F060-4725-98D9-C7C839BB3217}.Debug|x64.Build.0 = Debug|x64
		{04C93C95-F060-4725-98D9-C7C839BB3217}.Debug|x86.ActiveCfg = Debug|Win32
		{04C93C95-F060-4725-98D9-C7C839BB3217}.Debug|x86.Build.0 = Debug|Win32
		{04C93C95-F060-4725-98D9-C7C839BB3217}.Release|x64.ActiveCfg = Release|x64
		{04C93C95-F060-4725-98D9-C7C839BB3217}.Release|x64.Build.0 = Release|x64
		{04C93C95-F060-4725-98D9-C7C839BB3217}.Release|x86.ActiveCfg = Release|Win32
		{04C93C95-F060-4725-98D9-C7C839BB3217}.Release|x86.Build.0 = Release|Win32
		{48A5D2C6-E53F-4E7A-A393-E549DD61893F}.Debug|x64.ActiveCfg = Debug|x64
		{48A5D2C6-E53F-4E7A-A393-E549DD61893F}.Debug|x64.Build.0 = Debug|x64
		{48A5D2C6-E53F-4E7A-A393-E549DD61893F}.Debug|x86.ActiveCfg = Debug|Win32
		{48A5D2C6-E53F-4E7A-A393-E549DD61893F}.Debug|x86.Build.0 = Debug|Win32
		{48A5D2C6-E53F-4E7A-A393-E549DD61893F}.Release|x64.ActiveCfg = Release|x64
		{48A5D2C6-E53F-4E7A-A393-E549DD61893F}.Release|x64.Build.0 = Release|x64
		{48A5D2C6-E53F-4E7A-A393-E549DD61893F}.Release|x86.ActiveCfg = Release|Win32
		{48A5D2C6-E53F-4E7A-A393-E549DD61893F}.Release|x86.Build.0 = Release|Win32
		{E635B9B4-59AA-4EBA-841D-896A8131D3DD}.Debug|x64.ActiveCfg = Debug|x64
		{E635B9B4-59AA-4EBA-841D-896A8131D3DD}.Debug|x64.Build.0 = Debug|x64
		{E635B9B4-59AA-4EBA-841D-896A8131D3DD}.Debug|x86.ActiveCfg = Debug|Win32
		{E635B9B4-59AA-4EBA-841D-896A8131D3DD}.Debug|x86.Build.0 = Debug|Win32
		{E635B9B4-59AA-4EBA-841D-896A8131D3DD}.Release|x64.ActiveCfg = Release|x64
		{E635B9B4-59AA-4EBA-841D-896A8131D3DD}.Release|x64.Build.0 = Release|x64
		{E635B9B4-59AA-4EBA-841D-896A8131D3DD}.Release|x86.ActiveCfg = Release|Win32
		{E635B9B4-59AA-4EBA-841D-896A8131D3DD}.Release|x86.Build.0 = Release|Win32
	EndGlobalSection
	GlobalSection(SolutionProperties) = preSolution
		HideSolutionNode = FALSE
	EndGlobalSection
	GlobalSection(ExtensibilityGlobals) = postSolution
		SolutionGuid = {6609D21C-EBFE-4BA1-9193-2E19539D1C9E}
	EndGlobalSection
EndGlobal
