
Microsoft Visual Studio Solution File, Format Version 12.00
# Visual Studio 15
VisualStudioVersion = 15.0.27130.2010
MinimumVisualStudioVersion = 10.0.40219.1
Project("{8BC9CEB8-8B4A-11D0-8D11-00A0C91BC942}") = "plm80a", "plm80a\plm80a.vcxproj", "{A4D6DA5F-876C-46B4-BFD2-08D7CFD21481}"
EndProject
Global
	GlobalSection(SolutionConfigurationPlatforms) = preSolution
		Debug|x64 = Debug|x64
		Debug|x86 = Debug|x86
		Release|x64 = Release|x64
		Release|x86 = Release|x86
	EndGlobalSection
	GlobalSection(ProjectConfigurationPlatforms) = postSolution
		{A4D6DA5F-876C-46B4-BFD2-08D7CFD21481}.Debug|x64.ActiveCfg = Debug|x64
		{A4D6DA5F-876C-46B4-BFD2-08D7CFD21481}.Debug|x64.Build.0 = Debug|x64
		{A4D6DA5F-876C-46B4-BFD2-08D7CFD21481}.Debug|x86.ActiveCfg = Debug|Win32
		{A4D6DA5F-876C-46B4-BFD2-08D7CFD21481}.Debug|x86.Build.0 = Debug|Win32
		{A4D6DA5F-876C-46B4-BFD2-08D7CFD21481}.Release|x64.ActiveCfg = Release|x64
		{A4D6DA5F-876C-46B4-BFD2-08D7CFD21481}.Release|x64.Build.0 = Release|x64
		{A4D6DA5F-876C-46B4-BFD2-08D7CFD21481}.Release|x86.ActiveCfg = Release|Win32
		{A4D6DA5F-876C-46B4-BFD2-08D7CFD21481}.Release|x86.Build.0 = Release|Win32
	EndGlobalSection
	GlobalSection(SolutionProperties) = preSolution
		HideSolutionNode = FALSE
	EndGlobalSection
	GlobalSection(ExtensibilityGlobals) = postSolution
		SolutionGuid = {E5040E40-F911-4438-A38D-16CB707A0D5F}
	EndGlobalSection
EndGlobal
