<?xml version="1.0" encoding="utf-8"?>
<Project ToolsVersion="4.0" xmlns="http://schemas.microsoft.com/developer/msbuild/2003">
  <ItemGroup>
    <Filter Include="Source Files">
      <UniqueIdentifier>{4FC737F1-C7A5-4376-A066-2A32D752A2FF}</UniqueIdentifier>
      <Extensions>cpp;c;cc;cxx;def;odl;idl;hpj;bat;asm;asmx</Extensions>
    </Filter>
    <Filter Include="Header Files">
      <UniqueIdentifier>{93995380-89BD-4b04-88EB-625FBE52EBFB}</UniqueIdentifier>
      <Extensions>h;hh;hpp;hxx;hm;inl;inc;xsd</Extensions>
    </Filter>
    <Filter Include="Resource Files">
      <UniqueIdentifier>{67DA6AB6-F800-4c08-8B7A-83BB121AAD01}</UniqueIdentifier>
      <Extensions>rc;ico;cur;bmp;dlg;rc2;rct;bin;rgs;gif;jpg;jpeg;jpe;resx;tiff;tif;png;wav;mfcribbon-ms</Extensions>
    </Filter>
  </ItemGroup>
  <ItemGroup>
    <ClInclude Include="plm.h">
      <Filter>Header Files</Filter>
    </ClInclude>
    <ClInclude Include="error.h">
      <Filter>Header Files</Filter>
    </ClInclude>
  </ItemGroup>
  <ItemGroup>
    <ClCompile Include="allocs.c">
      <Filter>Source Files</Filter>
    </ClCompile>
    <ClCompile Include="backup.c">
      <Filter>Source Files</Filter>
    </ClCompile>
    <ClCompile Include="cpytil.c">
      <Filter>Source Files</Filter>
    </ClCompile>
    <ClCompile Include="creati.c">
      <Filter>Source Files</Filter>
    </ClCompile>
    <ClCompile Include="data.c">
      <Filter>Source Files</Filter>
    </ClCompile>
    <ClCompile Include="adninf.c">
      <Filter>Source Files</Filter>
    </ClCompile>
    <ClCompile Include="alloc.c">
      <Filter>Source Files</Filter>
    </ClCompile>
    <ClCompile Include="fi.c">
      <Filter>Source Files</Filter>
    </ClCompile>
    <ClCompile Include="findmi.c">
      <Filter>Source Files</Filter>
    </ClCompile>
    <ClCompile Include="fiscop.c">
      <Filter>Source Files</Filter>
    </ClCompile>
    <ClCompile Include="endcom.c">
      <Filter>Source Files</Filter>
    </ClCompile>
    <ClCompile Include="fatal.c">
      <Filter>Source Files</Filter>
    </ClCompile>
    <ClCompile Include="fatlio.c">
      <Filter>Source Files</Filter>
    </ClCompile>
    <ClCompile Include="itoa.c">
      <Filter>Source Files</Filter>
    </ClCompile>
    <ClCompile Include="lookup.c">
      <Filter>Source Files</Filter>
    </ClCompile>
    <ClCompile Include="lstinf.c">
      <Filter>Source Files</Filter>
    </ClCompile>
    <ClCompile Include="lstlin.c">
      <Filter>Source Files</Filter>
    </ClCompile>
    <ClCompile Include="lstsup.c">
      <Filter>Source Files</Filter>
    </ClCompile>
    <ClCompile Include="prints.c">
      <Filter>Source Files</Filter>
    </ClCompile>
    <ClCompile Include="putlst.c">
      <Filter>Source Files</Filter>
    </ClCompile>
    <ClCompile Include="strcmp.c">
      <Filter>Source Files</Filter>
    </ClCompile>
    <ClCompile Include="wrclst.c">
      <Filter>Source Files</Filter>
    </ClCompile>
    <ClCompile Include="util.c">
      <Filter>Source Files</Filter>
    </ClCompile>
    <ClCompile Include="main2.c">
      <Filter>Source Files</Filter>
    </ClCompile>
    <ClCompile Include="main3.c">
      <Filter>Source Files</Filter>
    </ClCompile>
    <ClCompile Include="main.c">
      <Filter>Source Files</Filter>
    </ClCompile>
    <ClCompile Include="main0.c">
      <Filter>Source Files</Filter>
    </ClCompile>
    <ClCompile Include="main1.c">
      <Filter>Source Files</Filter>
    </ClCompile>
    <ClCompile Include="plma.c">
      <Filter>Source Files</Filter>
    </ClCompile>
    <ClCompile Include="plmb.c">
      <Filter>Source Files</Filter>
    </ClCompile>
    <ClCompile Include="plmc.c">
      <Filter>Source Files</Filter>
    </ClCompile>
    <ClCompile Include="plmd.c">
      <Filter>Source Files</Filter>
    </ClCompile>
    <ClCompile Include="plme.c">
      <Filter>Source Files</Filter>
    </ClCompile>
    <ClCompile Include="accessors.c">
      <Filter>Source Files</Filter>
    </ClCompile>
    <ClCompile Include="plmfile.c">
      <Filter>Source Files</Filter>
    </ClCompile>
    <ClCompile Include="plm0e.c">
      <Filter>Source Files</Filter>
    </ClCompile>
    <ClCompile Include="plm0f.c">
      <Filter>Source Files</Filter>
    </ClCompile>
    <ClCompile Include="plm0g.c">
      <Filter>Source Files</Filter>
    </ClCompile>
    <ClCompile Include="plm0a.c">
      <Filter>Source Files</Filter>
    </ClCompile>
    <ClCompile Include="plm0b.c">
      <Filter>Source Files</Filter>
    </ClCompile>
    <ClCompile Include="plm0d.c">
      <Filter>Source Files</Filter>
    </ClCompile>
    <ClCompile Include="plm0c.c">
      <Filter>Source Files</Filter>
    </ClCompile>
    <ClCompile Include="page.c">
      <Filter>Source Files</Filter>
    </ClCompile>
    <ClCompile Include="plm1d.c">
      <Filter>Source Files</Filter>
    </ClCompile>
    <ClCompile Include="plm1e.c">
      <Filter>Source Files</Filter>
    </ClCompile>
    <ClCompile Include="plm1f.c">
      <Filter>Source Files</Filter>
    </ClCompile>
    <ClCompile Include="plm1a.c">
      <Filter>Source Files</Filter>
    </ClCompile>
    <ClCompile Include="plm1b.c">
      <Filter>Source Files</Filter>
    </ClCompile>
    <ClCompile Include="plm1c.c">
      <Filter>Source Files</Filter>
    </ClCompile>
    <ClCompile Include="plm2d.c">
      <Filter>Source Files</Filter>
    </ClCompile>
    <ClCompile Include="plm2e.c">
      <Filter>Source Files</Filter>
    </ClCompile>
    <ClCompile Include="plm2f.c">
      <Filter>Source Files</Filter>
    </ClCompile>
    <ClCompile Include="plm2g.c">
      <Filter>Source Files</Filter>
    </ClCompile>
    <ClCompile Include="plm2h.c">
      <Filter>Source Files</Filter>
    </ClCompile>
    <ClCompile Include="plm2a.c">
      <Filter>Source Files</Filter>
    </ClCompile>
    <ClCompile Include="plm2b.c">
      <Filter>Source Files</Filter>
    </ClCompile>
    <ClCompile Include="plm2c.c">
      <Filter>Source Files</Filter>
    </ClCompile>
    <ClCompile Include="plm3b.c">
      <Filter>Source Files</Filter>
    </ClCompile>
    <ClCompile Include="plm3a.c">
      <Filter>Source Files</Filter>
    </ClCompile>
    <ClCompile Include="plm4b.c">
      <Filter>Source Files</Filter>
    </ClCompile>
    <ClCompile Include="plm4c.c">
      <Filter>Source Files</Filter>
    </ClCompile>
    <ClCompile Include="plm4a.c">
      <Filter>Source Files</Filter>
    </ClCompile>
    <ClCompile Include="plm6a.c">
      <Filter>Source Files</Filter>
    </ClCompile>
    <ClCompile Include="plm6b.c">
      <Filter>Source Files</Filter>
    </ClCompile>
    <ClCompile Include="plm5a.c">
      <Filter>Source Files</Filter>
    </ClCompile>
    <ClCompile Include="pdata4.c">
      <Filter>Source Files</Filter>
    </ClCompile>
    <ClCompile Include="pdata6.c">
      <Filter>Source Files</Filter>
    </ClCompile>
    <ClCompile Include="io.c">
      <Filter>Source Files</Filter>
    </ClCompile>
    <ClCompile Include="main5.c">
      <Filter>Source Files</Filter>
    </ClCompile>
    <ClCompile Include="main6.c">
      <Filter>Source Files</Filter>
    </ClCompile>
    <ClCompile Include="main4.c">
      <Filter>Source Files</Filter>
    </ClCompile>
    <ClCompile Include="debug.c">
      <Filter>Source Files</Filter>
    </ClCompile>
  </ItemGroup>
</Project>