
Microsoft Visual Studio Solution File, Format Version 12.00
# Visual Studio 15
VisualStudioVersion = 15.0.26403.7
MinimumVisualStudioVersion = 10.0.40219.1
Project("{8BC9CEB8-8B4A-11D0-8D11-00A0C91BC942}") = "isisu", "isisu\isisu.vcxproj", "{E58DC3F3-2087-4EC3-97A4-D1F9060B6D62}"
EndProject
Project("{8BC9CEB8-8B4A-11D0-8D11-00A0C91BC942}") = "packisis", "packisis\packisis.vcxproj", "{73C5BA87-CEB4-410D-9DBF-2C3BEB86402D}"
EndProject
Project("{8BC9CEB8-8B4A-11D0-8D11-00A0C91BC942}") = "isisc", "isisc\isisc.vcxproj", "{BB31641F-DD0B-4F67-9685-5ABEA2D81A61}"
EndProject
Project("{8BC9CEB8-8B4A-11D0-8D11-00A0C91BC942}") = "t0bootdiff", "t0bootdiff\t0bootdiff.vcxproj", "{3B6AFF3D-BD26-45D4-9514-F2A5E1ABE236}"
EndProject
Project("{8BC9CEB8-8B4A-11D0-8D11-00A0C91BC942}") = "obj2bin", "obj2bin\obj2bin.vcxproj", "{BF261BA6-6963-4D6F-8E3C-735C73DC2BA4}"
EndProject
Project("{8BC9CEB8-8B4A-11D0-8D11-00A0C91BC942}") = "plmpp", "plmpp\plmpp.vcxproj", "{67E50F4D-91E8-4164-9C4A-9EC82537A660}"
EndProject
Project("{8BC9CEB8-8B4A-11D0-8D11-00A0C91BC942}") = "patchbin", "patchbin\patchbin.vcxproj", "{38002917-7CEC-4E0B-8F05-60995CFE55CE}"
EndProject
Project("{8BC9CEB8-8B4A-11D0-8D11-00A0C91BC942}") = "omfcmp", "omfcmp\omfcmp.vcxproj", "{BAAA7C4A-92B2-4FB6-B65D-2ECEEC5E6334}"
EndProject
Project("{8BC9CEB8-8B4A-11D0-8D11-00A0C91BC942}") = "aomf2bin", "aomf2bin\aomf2bin.vcxproj", "{7728CD9D-0C26-462C-979A-F9064253BE51}"
EndProject
Project("{8BC9CEB8-8B4A-11D0-8D11-00A0C91BC942}") = "diffbin", "diffbin\diffbin.vcxproj", "{EC4A0DC8-B94C-442A-96F8-E35671654411}"
EndProject
Project("{8BC9CEB8-8B4A-11D0-8D11-00A0C91BC942}") = "mkidsk", "mkidsk\mkidsk.vcxproj", "{624791FE-2D71-4FD9-9153-AF0E5557FAB2}"
EndProject
Project("{8BC9CEB8-8B4A-11D0-8D11-00A0C91BC942}") = "unidsk", "unidsk\unidsk.vcxproj", "{F69D6F30-585A-44F7-8E5B-42B3656E181C}"
EndProject
Project("{8BC9CEB8-8B4A-11D0-8D11-00A0C91BC942}") = "idd2imd", "C:\Users\Mark\source\repos\idd2imd\idd2imd.vcxproj", "{5DF8D636-EA4F-4AD0-BE25-66A2D44AD31A}"
EndProject
Project("{8BC9CEB8-8B4A-11D0-8D11-00A0C91BC942}") = "imdu", "imdu\imdu.vcxproj", "{EF8A09D5-47B1-4A4D-9A75-DCE29036DA42}"
EndProject
Global
	GlobalSection(SolutionConfigurationPlatforms) = preSolution
		Debug|Win32 = Debug|Win32
		Debug|x64 = Debug|x64
		Release|Win32 = Release|Win32
		Release|x64 = Release|x64
	EndGlobalSection
	GlobalSection(ProjectConfigurationPlatforms) = postSolution
		{E58DC3F3-2087-4EC3-97A4-D1F9060B6D62}.Debug|Win32.ActiveCfg = Debug|Win32
		{E58DC3F3-2087-4EC3-97A4-D1F9060B6D62}.Debug|Win32.Build.0 = Debug|Win32
		{E58DC3F3-2087-4EC3-97A4-D1F9060B6D62}.Debug|x64.ActiveCfg = Debug|Win32
		{E58DC3F3-2087-4EC3-97A4-D1F9060B6D62}.Debug|x64.Build.0 = Debug|Win32
		{E58DC3F3-2087-4EC3-97A4-D1F9060B6D62}.Release|Win32.ActiveCfg = Release|Win32
		{E58DC3F3-2087-4EC3-97A4-D1F9060B6D62}.Release|Win32.Build.0 = Release|Win32
		{E58DC3F3-2087-4EC3-97A4-D1F9060B6D62}.Release|x64.ActiveCfg = Debug|Win32
		{E58DC3F3-2087-4EC3-97A4-D1F9060B6D62}.Release|x64.Build.0 = Debug|Win32
		{73C5BA87-CEB4-410D-9DBF-2C3BEB86402D}.Debug|Win32.ActiveCfg = Debug|Win32
		{73C5BA87-CEB4-410D-9DBF-2C3BEB86402D}.Debug|Win32.Build.0 = Debug|Win32
		{73C5BA87-CEB4-410D-9DBF-2C3BEB86402D}.Debug|x64.ActiveCfg = Debug|Win32
		{73C5BA87-CEB4-410D-9DBF-2C3BEB86402D}.Debug|x64.Build.0 = Debug|Win32
		{73C5BA87-CEB4-410D-9DBF-2C3BEB86402D}.Release|Win32.ActiveCfg = Release|Win32
		{73C5BA87-CEB4-410D-9DBF-2C3BEB86402D}.Release|Win32.Build.0 = Release|Win32
		{73C5BA87-CEB4-410D-9DBF-2C3BEB86402D}.Release|x64.ActiveCfg = Debug|Win32
		{73C5BA87-CEB4-410D-9DBF-2C3BEB86402D}.Release|x64.Build.0 = Debug|Win32
		{BB31641F-DD0B-4F67-9685-5ABEA2D81A61}.Debug|Win32.ActiveCfg = Debug|Win32
		{BB31641F-DD0B-4F67-9685-5ABEA2D81A61}.Debug|Win32.Build.0 = Debug|Win32
		{BB31641F-DD0B-4F67-9685-5ABEA2D81A61}.Debug|x64.ActiveCfg = Debug|Win32
		{BB31641F-DD0B-4F67-9685-5ABEA2D81A61}.Debug|x64.Build.0 = Debug|Win32
		{BB31641F-DD0B-4F67-9685-5ABEA2D81A61}.Release|Win32.ActiveCfg = Release|Win32
		{BB31641F-DD0B-4F67-9685-5ABEA2D81A61}.Release|Win32.Build.0 = Release|Win32
		{BB31641F-DD0B-4F67-9685-5ABEA2D81A61}.Release|x64.ActiveCfg = Debug|Win32
		{BB31641F-DD0B-4F67-9685-5ABEA2D81A61}.Release|x64.Build.0 = Debug|Win32
		{3B6AFF3D-BD26-45D4-9514-F2A5E1ABE236}.Debug|Win32.ActiveCfg = Debug|Win32
		{3B6AFF3D-BD26-45D4-9514-F2A5E1ABE236}.Debug|Win32.Build.0 = Debug|Win32
		{3B6AFF3D-BD26-45D4-9514-F2A5E1ABE236}.Debug|x64.ActiveCfg = Debug|Win32
		{3B6AFF3D-BD26-45D4-9514-F2A5E1ABE236}.Debug|x64.Build.0 = Debug|Win32
		{3B6AFF3D-BD26-45D4-9514-F2A5E1ABE236}.Release|Win32.ActiveCfg = Release|Win32
		{3B6AFF3D-BD26-45D4-9514-F2A5E1ABE236}.Release|Win32.Build.0 = Release|Win32
		{3B6AFF3D-BD26-45D4-9514-F2A5E1ABE236}.Release|x64.ActiveCfg = Debug|Win32
		{3B6AFF3D-BD26-45D4-9514-F2A5E1ABE236}.Release|x64.Build.0 = Debug|Win32
		{BF261BA6-6963-4D6F-8E3C-735C73DC2BA4}.Debug|Win32.ActiveCfg = Debug|Win32
		{BF261BA6-6963-4D6F-8E3C-735C73DC2BA4}.Debug|Win32.Build.0 = Debug|Win32
		{BF261BA6-6963-4D6F-8E3C-735C73DC2BA4}.Debug|x64.ActiveCfg = Debug|Win32
		{BF261BA6-6963-4D6F-8E3C-735C73DC2BA4}.Debug|x64.Build.0 = Debug|Win32
		{BF261BA6-6963-4D6F-8E3C-735C73DC2BA4}.Release|Win32.ActiveCfg = Release|Win32
		{BF261BA6-6963-4D6F-8E3C-735C73DC2BA4}.Release|Win32.Build.0 = Release|Win32
		{BF261BA6-6963-4D6F-8E3C-735C73DC2BA4}.Release|x64.ActiveCfg = Debug|Win32
		{BF261BA6-6963-4D6F-8E3C-735C73DC2BA4}.Release|x64.Build.0 = Debug|Win32
		{67E50F4D-91E8-4164-9C4A-9EC82537A660}.Debug|Win32.ActiveCfg = Debug|Win32
		{67E50F4D-91E8-4164-9C4A-9EC82537A660}.Debug|Win32.Build.0 = Debug|Win32
		{67E50F4D-91E8-4164-9C4A-9EC82537A660}.Debug|x64.ActiveCfg = Debug|Win32
		{67E50F4D-91E8-4164-9C4A-9EC82537A660}.Debug|x64.Build.0 = Debug|Win32
		{67E50F4D-91E8-4164-9C4A-9EC82537A660}.Release|Win32.ActiveCfg = Release|Win32
		{67E50F4D-91E8-4164-9C4A-9EC82537A660}.Release|Win32.Build.0 = Release|Win32
		{67E50F4D-91E8-4164-9C4A-9EC82537A660}.Release|x64.ActiveCfg = Debug|Win32
		{67E50F4D-91E8-4164-9C4A-9EC82537A660}.Release|x64.Build.0 = Debug|Win32
		{38002917-7CEC-4E0B-8F05-60995CFE55CE}.Debug|Win32.ActiveCfg = Debug|Win32
		{38002917-7CEC-4E0B-8F05-60995CFE55CE}.Debug|Win32.Build.0 = Debug|Win32
		{38002917-7CEC-4E0B-8F05-60995CFE55CE}.Debug|x64.ActiveCfg = Debug|x64
		{38002917-7CEC-4E0B-8F05-60995CFE55CE}.Debug|x64.Build.0 = Debug|x64
		{38002917-7CEC-4E0B-8F05-60995CFE55CE}.Release|Win32.ActiveCfg = Release|Win32
		{38002917-7CEC-4E0B-8F05-60995CFE55CE}.Release|Win32.Build.0 = Release|Win32
		{38002917-7CEC-4E0B-8F05-60995CFE55CE}.Release|x64.ActiveCfg = Debug|x64
		{38002917-7CEC-4E0B-8F05-60995CFE55CE}.Release|x64.Build.0 = Debug|x64
		{BAAA7C4A-92B2-4FB6-B65D-2ECEEC5E6334}.Debug|Win32.ActiveCfg = Debug|Win32
		{BAAA7C4A-92B2-4FB6-B65D-2ECEEC5E6334}.Debug|Win32.Build.0 = Debug|Win32
		{BAAA7C4A-92B2-4FB6-B65D-2ECEEC5E6334}.Debug|x64.ActiveCfg = Debug|x64
		{BAAA7C4A-92B2-4FB6-B65D-2ECEEC5E6334}.Debug|x64.Build.0 = Debug|x64
		{BAAA7C4A-92B2-4FB6-B65D-2ECEEC5E6334}.Release|Win32.ActiveCfg = Release|Win32
		{BAAA7C4A-92B2-4FB6-B65D-2ECEEC5E6334}.Release|Win32.Build.0 = Release|Win32
		{BAAA7C4A-92B2-4FB6-B65D-2ECEEC5E6334}.Release|x64.ActiveCfg = Debug|x64
		{BAAA7C4A-92B2-4FB6-B65D-2ECEEC5E6334}.Release|x64.Build.0 = Debug|x64
		{7728CD9D-0C26-462C-979A-F9064253BE51}.Debug|Win32.ActiveCfg = Debug|Win32
		{7728CD9D-0C26-462C-979A-F9064253BE51}.Debug|Win32.Build.0 = Debug|Win32
		{7728CD9D-0C26-462C-979A-F9064253BE51}.Debug|x64.ActiveCfg = Debug|x64
		{7728CD9D-0C26-462C-979A-F9064253BE51}.Debug|x64.Build.0 = Debug|x64
		{7728CD9D-0C26-462C-979A-F9064253BE51}.Release|Win32.ActiveCfg = Release|Win32
		{7728CD9D-0C26-462C-979A-F9064253BE51}.Release|Win32.Build.0 = Release|Win32
		{7728CD9D-0C26-462C-979A-F9064253BE51}.Release|x64.ActiveCfg = Debug|x64
		{7728CD9D-0C26-462C-979A-F9064253BE51}.Release|x64.Build.0 = Debug|x64
		{EC4A0DC8-B94C-442A-96F8-E35671654411}.Debug|Win32.ActiveCfg = Debug|Win32
		{EC4A0DC8-B94C-442A-96F8-E35671654411}.Debug|Win32.Build.0 = Debug|Win32
		{EC4A0DC8-B94C-442A-96F8-E35671654411}.Debug|x64.ActiveCfg = Debug|Win32
		{EC4A0DC8-B94C-442A-96F8-E35671654411}.Release|Win32.ActiveCfg = Release|Win32
		{EC4A0DC8-B94C-442A-96F8-E35671654411}.Release|Win32.Build.0 = Release|Win32
		{EC4A0DC8-B94C-442A-96F8-E35671654411}.Release|x64.ActiveCfg = Debug|Win32
		{EC4A0DC8-B94C-442A-96F8-E35671654411}.Release|x64.Build.0 = Debug|Win32
		{624791FE-2D71-4FD9-9153-AF0E5557FAB2}.Debug|Win32.ActiveCfg = Debug|Win32
		{624791FE-2D71-4FD9-9153-AF0E5557FAB2}.Debug|Win32.Build.0 = Debug|Win32
		{624791FE-2D71-4FD9-9153-AF0E5557FAB2}.Debug|x64.ActiveCfg = Debug|x64
		{624791FE-2D71-4FD9-9153-AF0E5557FAB2}.Debug|x64.Build.0 = Debug|x64
		{624791FE-2D71-4FD9-9153-AF0E5557FAB2}.Release|Win32.ActiveCfg = Release|Win32
		{624791FE-2D71-4FD9-9153-AF0E5557FAB2}.Release|Win32.Build.0 = Release|Win32
		{624791FE-2D71-4FD9-9153-AF0E5557FAB2}.Release|x64.ActiveCfg = Release|x64
		{624791FE-2D71-4FD9-9153-AF0E5557FAB2}.Release|x64.Build.0 = Release|x64
		{F69D6F30-585A-44F7-8E5B-42B3656E181C}.Debug|Win32.ActiveCfg = Debug|Win32
		{F69D6F30-585A-44F7-8E5B-42B3656E181C}.Debug|Win32.Build.0 = Debug|Win32
		{F69D6F30-585A-44F7-8E5B-42B3656E181C}.Debug|x64.ActiveCfg = Debug|x64
		{F69D6F30-585A-44F7-8E5B-42B3656E181C}.Debug|x64.Build.0 = Debug|x64
		{F69D6F30-585A-44F7-8E5B-42B3656E181C}.Release|Win32.ActiveCfg = Release|Win32
		{F69D6F30-585A-44F7-8E5B-42B3656E181C}.Release|Win32.Build.0 = Release|Win32
		{F69D6F30-585A-44F7-8E5B-42B3656E181C}.Release|x64.ActiveCfg = Release|x64
		{F69D6F30-585A-44F7-8E5B-42B3656E181C}.Release|x64.Build.0 = Release|x64
		{5DF8D636-EA4F-4AD0-BE25-66A2D44AD31A}.Debug|Win32.ActiveCfg = Debug|Win32
		{5DF8D636-EA4F-4AD0-BE25-66A2D44AD31A}.Debug|Win32.Build.0 = Debug|Win32
		{5DF8D636-EA4F-4AD0-BE25-66A2D44AD31A}.Debug|x64.ActiveCfg = Debug|x64
		{5DF8D636-EA4F-4AD0-BE25-66A2D44AD31A}.Debug|x64.Build.0 = Debug|x64
		{5DF8D636-EA4F-4AD0-BE25-66A2D44AD31A}.Release|Win32.ActiveCfg = Release|Win32
		{5DF8D636-EA4F-4AD0-BE25-66A2D44AD31A}.Release|Win32.Build.0 = Release|Win32
		{5DF8D636-EA4F-4AD0-BE25-66A2D44AD31A}.Release|x64.ActiveCfg = Release|x64
		{5DF8D636-EA4F-4AD0-BE25-66A2D44AD31A}.Release|x64.Build.0 = Release|x64
		{EF8A09D5-47B1-4A4D-9A75-DCE29036DA42}.Debug|Win32.ActiveCfg = Debug|Win32
		{EF8A09D5-47B1-4A4D-9A75-DCE29036DA42}.Debug|Win32.Build.0 = Debug|Win32
		{EF8A09D5-47B1-4A4D-9A75-DCE29036DA42}.Debug|x64.ActiveCfg = Debug|x64
		{EF8A09D5-47B1-4A4D-9A75-DCE29036DA42}.Debug|x64.Build.0 = Debug|x64
		{EF8A09D5-47B1-4A4D-9A75-DCE29036DA42}.Release|Win32.ActiveCfg = Release|Win32
		{EF8A09D5-47B1-4A4D-9A75-DCE29036DA42}.Release|Win32.Build.0 = Release|Win32
		{EF8A09D5-47B1-4A4D-9A75-DCE29036DA42}.Release|x64.ActiveCfg = Release|x64
		{EF8A09D5-47B1-4A4D-9A75-DCE29036DA42}.Release|x64.Build.0 = Release|x64
	EndGlobalSection
	GlobalSection(SolutionProperties) = preSolution
		HideSolutionNode = FALSE
	EndGlobalSection
	GlobalSection(ExtensibilityGlobals) = postSolution
		SolutionGuid = {D74CB72D-171D-4F99-99F5-13E29C06F04C}
	EndGlobalSection
EndGlobal
