<?xml version="1.0" encoding="utf-8"?>
<Project ToolsVersion="4.0" xmlns="http://schemas.microsoft.com/developer/msbuild/2003">
  <ItemGroup>
    <ClCompile Include="common.cpp">
      <Filter>Source Files</Filter>
    </ClCompile>
    <ClCompile Include="io.cpp">
      <Filter>Source Files</Filter>
    </ClCompile>
    <ClCompile Include="plm.cpp">
      <Filter>Source Files</Filter>
    </ClCompile>
    <ClCompile Include="plmov0.cpp">
      <Filter>Source Files</Filter>
    </ClCompile>
    <ClCompile Include="plmov1.cpp">
      <Filter>Source Files</Filter>
    </ClCompile>
    <ClCompile Include="plmov2.cpp">
      <Filter>Source Files</Filter>
    </ClCompile>
    <ClCompile Include="plmov3.cpp">
      <Filter>Source Files</Filter>
    </ClCompile>
    <ClCompile Include="plmov4.cpp">
      <Filter>Source Files</Filter>
    </ClCompile>
    <ClCompile Include="plmov5.cpp">
      <Filter>Source Files</Filter>
    </ClCompile>
    <ClCompile Include="plmov6.cpp">
      <Filter>Source Files</Filter>
    </ClCompile>
    <ClCompile Include="trace.cpp">
      <Filter>Source Files</Filter>
    </ClCompile>
  </ItemGroup>
  <ItemGroup>
    <ClInclude Include="common.hpp">
      <Filter>Source Files</Filter>
    </ClInclude>
    <ClInclude Include="plm.hpp">
      <Filter>Source Files</Filter>
    </ClInclude>
    <ClInclude Include="trace.hpp">
      <Filter>Source Files</Filter>
    </ClInclude>
  </ItemGroup>
  <ItemGroup>
    <Filter Include="Source Files">
      <UniqueIdentifier>{f83d3b11-d52d-43ec-ace0-5b041852d0c4}</UniqueIdentifier>
    </Filter>
    <Filter Include="Resource Files">
      <UniqueIdentifier>{8392c043-7883-42e2-ba5a-cc701353fbad}</UniqueIdentifier>
    </Filter>
  </ItemGroup>
  <ItemGroup>
    <ResourceCompile Include="version.rc">
      <Filter>Resource Files</Filter>
    </ResourceCompile>
  </ItemGroup>
</Project>