
Microsoft Visual Studio Solution File, Format Version 12.00
# Visual Studio 15
VisualStudioVersion = 15.0.26730.16
MinimumVisualStudioVersion = 10.0.40219.1
Project("{8BC9CEB8-8B4A-11D0-8D11-00A0C91BC942}") = "asm80", "asm80.vcxproj", "{FB7865FA-BAB6-45FC-8B79-A81B414C123A}"
EndProject
Global
	GlobalSection(SolutionConfigurationPlatforms) = preSolution
		Debug|x64 = Debug|x64
		Debug|x86 = Debug|x86
		Release|x64 = Release|x64
		Release|x86 = Release|x86
	EndGlobalSection
	GlobalSection(ProjectConfigurationPlatforms) = postSolution
		{FB7865FA-BAB6-45FC-8B79-A81B414C123A}.Debug|x64.ActiveCfg = Debug|x64
		{FB7865FA-BAB6-45FC-8B79-A81B414C123A}.Debug|x64.Build.0 = Debug|x64
		{FB7865FA-BAB6-45FC-8B79-A81B414C123A}.Debug|x86.ActiveCfg = Debug|Win32
		{FB7865FA-BAB6-45FC-8B79-A81B414C123A}.Debug|x86.Build.0 = Debug|Win32
		{FB7865FA-BAB6-45FC-8B79-A81B414C123A}.Release|x64.ActiveCfg = Release|x64
		{FB7865FA-BAB6-45FC-8B79-A81B414C123A}.Release|x64.Build.0 = Release|x64
		{FB7865FA-BAB6-45FC-8B79-A81B414C123A}.Release|x86.ActiveCfg = Release|Win32
		{FB7865FA-BAB6-45FC-8B79-A81B414C123A}.Release|x86.Build.0 = Release|Win32
	EndGlobalSection
	GlobalSection(SolutionProperties) = preSolution
		HideSolutionNode = FALSE
	EndGlobalSection
	GlobalSection(ExtensibilityGlobals) = postSolution
		SolutionGuid = {FC53EE19-55C6-40AA-A2CA-FA35C952360B}
	EndGlobalSection
EndGlobal
